# This file is autogenerated, do not edit; changes may be undone by the next 'dep ensure'.


[[projects]]
  digest = "1:81b4e48423ae3e053fa237794717bba60e642b2f495c0d777f82fd964d3aeda3"
  name = "github.com/aws/aws-sdk-go"
  packages = [
    "aws",
    "aws/awserr",
    "aws/awsutil",
    "aws/client",
    "aws/client/metadata",
    "aws/corehandlers",
    "aws/credentials",
    "aws/credentials/ec2rolecreds",
    "aws/credentials/endpointcreds",
    "aws/credentials/processcreds",
    "aws/credentials/ssocreds",
    "aws/credentials/stscreds",
    "aws/csm",
    "aws/defaults",
    "aws/ec2metadata",
    "aws/endpoints",
    "aws/request",
    "aws/session",
    "aws/signer/v4",
    "internal/context",
    "internal/ini",
    "internal/sdkio",
    "internal/sdkmath",
    "internal/sdkrand",
    "internal/sdkuri",
    "internal/shareddefaults",
    "internal/strings",
    "internal/sync/singleflight",
    "private/protocol",
    "private/protocol/eventstream",
    "private/protocol/eventstream/eventstreamapi",
    "private/protocol/json/jsonutil",
    "private/protocol/jsonrpc",
    "private/protocol/query",
    "private/protocol/query/queryutil",
    "private/protocol/rest",
    "private/protocol/restjson",
    "private/protocol/xml/xmlutil",
    "service/kinesis",
    "service/sso",
    "service/sso/ssoiface",
    "service/sts",
    "service/sts/stsiface",
  ]
  pruneopts = "UT"
  revision = "4c222f528c29c81077f2faa177d86708f3eebf89"
  version = "v1.40.7"

[[projects]]
  digest = "1:bb81097a5b62634f3e9fec1014657855610c82d19b9a40c17612e32651e35dca"
  name = "github.com/jmespath/go-jmespath"
  packages = ["."]
  pruneopts = "UT"
  revision = "c2b33e84"

[[projects]]
  digest = "1:2a3c9556884d94bdbcdcdc62350f8cf466cf7eb39669fe7a0640f2600f61ceaf"
  name = "github.com/mitchellh/mapstructure"
  packages = ["."]
  pruneopts = "UT"
  revision = "8ebf2d61a8b4adcce25fc9fc9b76e8452a00672f"
  version = "v1.4.1"

[[projects]]
  branch = "master"
  digest = "1:e823f9c3cf23d437b8970658afb7efb6528f0f4baa0ee05146d04db858975f90"
  name = "github.com/mmatagrin/ctxerror"
  packages = ["."]
  pruneopts = "UT"
  revision = "5f4e18911605784ecfa107d53c10a54c0200e67d"

[[projects]]
  digest = "1:9e1d37b58d17113ec3cb5608ac0382313c5b59470b94ed97d0976e69c7022314"
  name = "github.com/pkg/errors"
  packages = ["."]
  pruneopts = "UT"
  revision = "614d223910a179a466c1767a985424175c39b465"
  version = "v0.9.1"

[solve-meta]
  analyzer-name = "dep"
  analyzer-version = 1
  input-imports = [
    "github.com/aws/aws-sdk-go/aws",
    "github.com/aws/aws-sdk-go/aws/session",
    "github.com/aws/aws-sdk-go/service/kinesis",
    "github.com/mitchellh/mapstructure",
    "github.com/mmatagrin/ctxerror",
    "github.com/pkg/errors",
  ]
  solver-name = "gps-cdcl"
  solver-version = 1
